// !$*UTF8*$!
{
	archiveVersion = 1;
	classes = {
	};
	objectVersion = 50;
	objects = {

/* Begin PBXBuildFile section */
		2B63BD92237FBFC700670F71 /* AppDelegate.swift in Sources */ = {isa = PBXBuildFile; fileRef = 2B63BD91237FBFC700670F71 /* AppDelegate.swift */; };
		2B63BD94237FBFC700670F71 /* SceneDelegate.swift in Sources */ = {isa = PBXBuildFile; fileRef = 2B63BD93237FBFC700670F71 /* SceneDelegate.swift */; };
		2B63BD97237FBFC700670F71 /* Bookworm.xcdatamodeld in Sources */ = {isa = PBXBuildFile; fileRef = 2B63BD95237FBFC700670F71 /* Bookworm.xcdatamodeld */; };
		2B63BD99237FBFC700670F71 /* ContentView.swift in Sources */ = {isa = PBXBuildFile; fileRef = 2B63BD98237FBFC700670F71 /* ContentView.swift */; };
		2B63BD9B237FBFC900670F71 /* Assets.xcassets in Resources */ = {isa = PBXBuildFile; fileRef = 2B63BD9A237FBFC900670F71 /* Assets.xcassets */; };
		2B63BD9E237FBFC900670F71 /* Preview Assets.xcassets in Resources */ = {isa = PBXBuildFile; fileRef = 2B63BD9D237FBFC900670F71 /* Preview Assets.xcassets */; };
		2B63BDA1237FBFC900670F71 /* LaunchScreen.storyboard in Resources */ = {isa = PBXBuildFile; fileRef = 2B63BD9F237FBFC900670F71 /* LaunchScreen.storyboard */; };
		2B6A91F12380DAAC009FB87C /* RatingView.swift in Sources */ = {isa = PBXBuildFile; fileRef = 2B6A91F02380DAAC009FB87C /* RatingView.swift */; };
		2B6A91F32380DDF3009FB87C /* EmojiRatingView.swift in Sources */ = {isa = PBXBuildFile; fileRef = 2B6A91F22380DDF3009FB87C /* EmojiRatingView.swift */; };
		2B89481E2380D5C50080FDA8 /* AddBookView.swift in Sources */ = {isa = PBXBuildFile; fileRef = 2B89481D2380D5C50080FDA8 /* AddBookView.swift */; };
		2B925864238255A8005B3C85 /* DetailView.swift in Sources */ = {isa = PBXBuildFile; fileRef = 2B925863238255A8005B3C85 /* DetailView.swift */; };
/* End PBXBuildFile section */

/* Begin PBXFileReference section */
		2B63BD8E237FBFC700670F71 /* Bookworm.app */ = {isa = PBXFileReference; explicitFileType = wrapper.application; includeInIndex = 0; path = Bookworm.app; sourceTree = BUILT_PRODUCTS_DIR; };
		2B63BD91237FBFC700670F71 /* AppDelegate.swift */ = {isa = PBXFileReference; lastKnownFileType = sourcecode.swift; path = AppDelegate.swift; sourceTree = "<group>"; };
		2B63BD93237FBFC700670F71 /* SceneDelegate.swift */ = {isa = PBXFileReference; lastKnownFileType = sourcecode.swift; path = SceneDelegate.swift; sourceTree = "<group>"; };
		2B63BD96237FBFC700670F71 /* Bookworm.xcdatamodel */ = {isa = PBXFileReference; lastKnownFileType = wrapper.xcdatamodel; path = Bookworm.xcdatamodel; sourceTree = "<group>"; };
		2B63BD98237FBFC700670F71 /* ContentView.swift */ = {isa = PBXFileReference; lastKnownFileType = sourcecode.swift; path = ContentView.swift; sourceTree = "<group>"; };
		2B63BD9A237FBFC900670F71 /* Assets.xcassets */ = {isa = PBXFileReference; lastKnownFileType = folder.assetcatalog; path = Assets.xcassets; sourceTree = "<group>"; };
		2B63BD9D237FBFC900670F71 /* Preview Assets.xcassets */ = {isa = PBXFileReference; lastKnownFileType = folder.assetcatalog; path = "Preview Assets.xcassets"; sourceTree = "<group>"; };
		2B63BDA0237FBFC900670F71 /* Base */ = {isa = PBXFileReference; lastKnownFileType = file.storyboard; name = Base; path = Base.lproj/LaunchScreen.storyboard; sourceTree = "<group>"; };
		2B63BDA2237FBFC900670F71 /* Info.plist */ = {isa = PBXFileReference; lastKnownFileType = text.plist.xml; path = Info.plist; sourceTree = "<group>"; };
		2B6A91F02380DAAC009FB87C /* RatingView.swift */ = {isa = PBXFileReference; lastKnownFileType = sourcecode.swift; path = RatingView.swift; sourceTree = "<group>"; };
		2B6A91F22380DDF3009FB87C /* EmojiRatingView.swift */ = {isa = PBXFileReference; lastKnownFileType = sourcecode.swift; path = EmojiRatingView.swift; sourceTree = "<group>"; };
		2B89481D2380D5C50080FDA8 /* AddBookView.swift */ = {isa = PBXFileReference; lastKnownFileType = sourcecode.swift; path = AddBookView.swift; sourceTree = "<group>"; };
		2B925863238255A8005B3C85 /* DetailView.swift */ = {isa = PBXFileReference; lastKnownFileType = sourcecode.swift; path = DetailView.swift; sourceTree = "<group>"; };
/* End PBXFileReference section */

/* Begin PBXFrameworksBuildPhase section */
		2B63BD8B237FBFC700670F71 /* Frameworks */ = {
			isa = PBXFrameworksBuildPhase;
			buildActionMask = 2147483647;
			files = (
			);
			runOnlyForDeploymentPostprocessing = 0;
		};
/* End PBXFrameworksBuildPhase section */

/* Begin PBXGroup section */
		2B63BD85237FBFC700670F71 = {
			isa = PBXGroup;
			children = (
				2B63BD90237FBFC700670F71 /* Bookworm */,
				2B63BD8F237FBFC700670F71 /* Products */,
			);
			sourceTree = "<group>";
		};
		2B63BD8F237FBFC700670F71 /* Products */ = {
			isa = PBXGroup;
			children = (
				2B63BD8E237FBFC700670F71 /* Bookworm.app */,
			);
			name = Products;
			sourceTree = "<group>";
		};
		2B63BD90237FBFC700670F71 /* Bookworm */ = {
			isa = PBXGroup;
			children = (
				2B63BD91237FBFC700670F71 /* AppDelegate.swift */,
				2B63BD93237FBFC700670F71 /* SceneDelegate.swift */,
				2B63BD98237FBFC700670F71 /* ContentView.swift */,
				2B6A91F22380DDF3009FB87C /* EmojiRatingView.swift */,
				2B89481D2380D5C50080FDA8 /* AddBookView.swift */,
				2B925863238255A8005B3C85 /* DetailView.swift */,
				2B6A91F02380DAAC009FB87C /* RatingView.swift */,
				2B63BD9A237FBFC900670F71 /* Assets.xcassets */,
				2B63BD9F237FBFC900670F71 /* LaunchScreen.storyboard */,
				2B63BDA2237FBFC900670F71 /* Info.plist */,
				2B63BD95237FBFC700670F71 /* Bookworm.xcdatamodeld */,
				2B63BD9C237FBFC900670F71 /* Preview Content */,
			);
			path = Bookworm;
			sourceTree = "<group>";
		};
		2B63BD9C237FBFC900670F71 /* Preview Content */ = {
			isa = PBXGroup;
			children = (
				2B63BD9D237FBFC900670F71 /* Preview Assets.xcassets */,
			);
			path = "Preview Content";
			sourceTree = "<group>";
		};
/* End PBXGroup section */

/* Begin PBXNativeTarget section */
		2B63BD8D237FBFC700670F71 /* Bookworm */ = {
			isa = PBXNativeTarget;
			buildConfigurationList = 2B63BDA5237FBFC900670F71 /* Build configuration list for PBXNativeTarget "Bookworm" */;
			buildPhases = (
				2B63BD8A237FBFC700670F71 /* Sources */,
				2B63BD8B237FBFC700670F71 /* Frameworks */,
				2B63BD8C237FBFC700670F71 /* Resources */,
			);
			buildRules = (
			);
			dependencies = (
			);
			name = Bookworm;
			productName = Bookworm;
			productReference = 2B63BD8E237FBFC700670F71 /* Bookworm.app */;
			productType = "com.apple.product-type.application";
		};
/* End PBXNativeTarget section */

/* Begin PBXProject section */
		2B63BD86237FBFC700670F71 /* Project object */ = {
			isa = PBXProject;
			attributes = {
				LastSwiftUpdateCheck = 1120;
				LastUpgradeCheck = 1120;
				ORGANIZATIONNAME = "Issac Penn";
				TargetAttributes = {
					2B63BD8D237FBFC700670F71 = {
						CreatedOnToolsVersion = 11.2.1;
					};
				};
			};
			buildConfigurationList = 2B63BD89237FBFC700670F71 /* Build configuration list for PBXProject "Bookworm" */;
			compatibilityVersion = "Xcode 9.3";
			developmentRegion = en;
			hasScannedForEncodings = 0;
			knownRegions = (
				en,
				Base,
			);
			mainGroup = 2B63BD85237FBFC700670F71;
			productRefGroup = 2B63BD8F237FBFC700670F71 /* Products */;
			projectDirPath = "";
			projectRoot = "";
			targets = (
				2B63BD8D237FBFC700670F71 /* Bookworm */,
			);
		};
/* End PBXProject section */

/* Begin PBXResourcesBuildPhase section */
		2B63BD8C237FBFC700670F71 /* Resources */ = {
			isa = PBXResourcesBuildPhase;
			buildActionMask = 2147483647;
			files = (
				2B63BDA1237FBFC900670F71 /* LaunchScreen.storyboard in Resources */,
				2B63BD9E237FBFC900670F71 /* Preview Assets.xcassets in Resources */,
				2B63BD9B237FBFC900670F71 /* Assets.xcassets in Resources */,
			);
			runOnlyForDeploymentPostprocessing = 0;
		};
/* End PBXResourcesBuildPhase section */

/* Begin PBXSourcesBuildPhase section */
		2B63BD8A237FBFC700670F71 /* Sources */ = {
			isa = PBXSourcesBuildPhase;
			buildActionMask = 2147483647;
			files = (
				2B63BD92237FBFC700670F71 /* AppDelegate.swift in Sources */,
				2B925864238255A8005B3C85 /* DetailView.swift in Sources */,
				2B63BD97237FBFC700670F71 /* Bookworm.xcdatamodeld in Sources */,
				2B6A91F32380DDF3009FB87C /* EmojiRatingView.swift in Sources */,
				2B63BD99237FBFC700670F71 /* ContentView.swift in Sources */,
				2B6A91F12380DAAC009FB87C /* RatingView.swift in Sources */,
				2B63BD94237FBFC700670F71 /* SceneDelegate.swift in Sources */,
				2B89481E2380D5C50080FDA8 /* AddBookView.swift in Sources */,
			);
			runOnlyForDeploymentPostprocessing = 0;
		};
/* End PBXSourcesBuildPhase section */

/* Begin PBXVariantGroup section */
		2B63BD9F237FBFC900670F71 /* LaunchScreen.storyboard */ = {
			isa = PBXVariantGroup;
			children = (
				2B63BDA0237FBFC900670F71 /* Base */,
			);
			name = LaunchScreen.storyboard;
			sourceTree = "<group>";
		};
/* End PBXVariantGroup section */

/* Begin XCBuildConfiguration section */
		2B63BDA3237FBFC900670F71 /* Debug */ = {
			isa = XCBuildConfiguration;
			buildSettings = {
				ALWAYS_SEARCH_USER_PATHS = NO;
				CLANG_ANALYZER_NONNULL = YES;
				CLANG_ANALYZER_NUMBER_OBJECT_CONVERSION = YES_AGGRESSIVE;
				CLANG_CXX_LANGUAGE_STANDARD = "gnu++14";
				CLANG_CXX_LIBRARY = "libc++";
				CLANG_ENABLE_MODULES = YES;
				CLANG_ENABLE_OBJC_ARC = YES;
				CLANG_ENABLE_OBJC_WEAK = YES;
				CLANG_WARN_BLOCK_CAPTURE_AUTORELEASING = YES;
				CLANG_WARN_BOOL_CONVERSION = YES;
				CLANG_WARN_COMMA = YES;
				CLANG_WARN_CONSTANT_CONVERSION = YES;
				CLANG_WARN_DEPRECATED_OBJC_IMPLEMENTATIONS = YES;
				CLANG_WARN_DIRECT_OBJC_ISA_USAGE = YES_ERROR;
				CLANG_WARN_DOCUMENTATION_COMMENTS = YES;
				CLANG_WARN_EMPTY_BODY = YES;
				CLANG_WARN_ENUM_CONVERSION = YES;
				CLANG_WARN_INFINITE_RECURSION = YES;
				CLANG_WARN_INT_CONVERSION = YES;
				CLANG_WARN_NON_LITERAL_NULL_CONVERSION = YES;
				CLANG_WARN_OBJC_IMPLICIT_RETAIN_SELF = YES;
				CLANG_WARN_OBJC_LITERAL_CONVERSION = YES;
				CLANG_WARN_OBJC_ROOT_CLASS = YES_ERROR;
				CLANG_WARN_RANGE_LOOP_ANALYSIS = YES;
				CLANG_WARN_STRICT_PROTOTYPES = YES;
				CLANG_WARN_SUSPICIOUS_MOVE = YES;
				CLANG_WARN_UNGUARDED_AVAILABILITY = YES_AGGRESSIVE;
				CLANG_WARN_UNREACHABLE_CODE = YES;
				CLANG_WARN__DUPLICATE_METHOD_MATCH = YES;
				COPY_PHASE_STRIP = NO;
				DEBUG_INFORMATION_FORMAT = dwarf;
				ENABLE_STRICT_OBJC_MSGSEND = YES;
				ENABLE_TESTABILITY = YES;
				GCC_C_LANGUAGE_STANDARD = gnu11;
				GCC_DYNAMIC_NO_PIC = NO;
				GCC_NO_COMMON_BLOCKS = YES;
				GCC_OPTIMIZATION_LEVEL = 0;
				GCC_PREPROCESSOR_DEFINITIONS = (
					"DEBUG=1",
					"$(inherited)",
				);
				GCC_WARN_64_TO_32_BIT_CONVERSION = YES;
				GCC_WARN_ABOUT_RETURN_TYPE = YES_ERROR;
				GCC_WARN_UNDECLARED_SELECTOR = YES;
				GCC_WARN_UNINITIALIZED_AUTOS = YES_AGGRESSIVE;
				GCC_WARN_UNUSED_FUNCTION = YES;
				GCC_WARN_UNUSED_VARIABLE = YES;
				IPHONEOS_DEPLOYMENT_TARGET = 13.2;
				MTL_ENABLE_DEBUG_INFO = INCLUDE_SOURCE;
				MTL_FAST_MATH = YES;
				ONLY_ACTIVE_ARCH = YES;
				SDKROOT = iphoneos;
				SWIFT_ACTIVE_COMPILATION_CONDITIONS = DEBUG;
				SWIFT_OPTIMIZATION_LEVEL = "-Onone";
			};
			name = Debug;
		};
		2B63BDA4237FBFC900670F71 /* Release */ = {
			isa = XCBuildConfiguration;
			buildSettings = {
				ALWAYS_SEARCH_USER_PATHS = NO;
				CLANG_ANALYZER_NONNULL = YES;
				CLANG_ANALYZER_NUMBER_OBJECT_CONVERSION = YES_AGGRESSIVE;
				CLANG_CXX_LANGUAGE_STANDARD = "gnu++14";
				CLANG_CXX_LIBRARY = "libc++";
				CLANG_ENABLE_MODULES = YES;
				CLANG_ENABLE_OBJC_ARC = YES;
				CLANG_ENABLE_OBJC_WEAK = YES;
				CLANG_WARN_BLOCK_CAPTURE_AUTORELEASING = YES;
				CLANG_WARN_BOOL_CONVERSION = YES;
				CLANG_WARN_COMMA = YES;
				CLANG_WARN_CONSTANT_CONVERSION = YES;
				CLANG_WARN_DEPRECATED_OBJC_IMPLEMENTATIONS = YES;
				CLANG_WARN_DIRECT_OBJC_ISA_USAGE = YES_ERROR;
				CLANG_WARN_DOCUMENTATION_COMMENTS = YES;
				CLANG_WARN_EMPTY_BODY = YES;
				CLANG_WARN_ENUM_CONVERSION = YES;
				CLANG_WARN_INFINITE_RECURSION = YES;
				CLANG_WARN_INT_CONVERSION = YES;
				CLANG_WARN_NON_LITERAL_NULL_CONVERSION = YES;
				CLANG_WARN_OBJC_IMPLICIT_RETAIN_SELF = YES;
				CLANG_WARN_OBJC_LITERAL_CONVERSION = YES;
				CLANG_WARN_OBJC_ROOT_CLASS = YES_ERROR;
				CLANG_WARN_RANGE_LOOP_ANALYSIS = YES;
				CLANG_WARN_STRICT_PROTOTYPES = YES;
				CLANG_WARN_SUSPICIOUS_MOVE = YES;
				CLANG_WARN_UNGUARDED_AVAILABILITY = YES_AGGRESSIVE;
				CLANG_WARN_UNREACHABLE_CODE = YES;
				CLANG_WARN__DUPLICATE_METHOD_MATCH = YES;
				COPY_PHASE_STRIP = NO;
				DEBUG_INFORMATION_FORMAT = "dwarf-with-dsym";
				ENABLE_NS_ASSERTIONS = NO;
				ENABLE_STRICT_OBJC_MSGSEND = YES;
				GCC_C_LANGUAGE_STANDARD = gnu11;
				GCC_NO_COMMON_BLOCKS = YES;
				GCC_WARN_64_TO_32_BIT_CONVERSION = YES;
				GCC_WARN_ABOUT_RETURN_TYPE = YES_ERROR;
				GCC_WARN_UNDECLARED_SELECTOR = YES;
				GCC_WARN_UNINITIALIZED_AUTOS = YES_AGGRESSIVE;
				GCC_WARN_UNUSED_FUNCTION = YES;
				GCC_WARN_UNUSED_VARIABLE = YES;
				IPHONEOS_DEPLOYMENT_TARGET = 13.2;
				MTL_ENABLE_DEBUG_INFO = NO;
				MTL_FAST_MATH = YES;
				SDKROOT = iphoneos;
				SWIFT_COMPILATION_MODE = wholemodule;
				SWIFT_OPTIMIZATION_LEVEL = "-O";
				VALIDATE_PRODUCT = YES;
			};
			name = Release;
		};
		2B63BDA6237FBFC900670F71 /* Debug */ = {
			isa = XCBuildConfiguration;
			buildSettings = {
				ASSETCATALOG_COMPILER_APPICON_NAME = AppIcon;
				CODE_SIGN_STYLE = Automatic;
				DEVELOPMENT_ASSET_PATHS = "\"Bookworm/Preview Content\"";
				DEVELOPMENT_TEAM = 23GN8P9Q5M;
				ENABLE_PREVIEWS = YES;
				INFOPLIST_FILE = Bookworm/Info.plist;
				LD_RUNPATH_SEARCH_PATHS = (
					"$(inherited)",
					"@executable_path/Frameworks",
				);
				PRODUCT_BUNDLE_IDENTIFIER = com.pbb.study.Bookworm;
				PRODUCT_NAME = "$(TARGET_NAME)";
				SWIFT_VERSION = 5.0;
				TARGETED_DEVICE_FAMILY = "1,2";
			};
			name = Debug;
		};
		2B63BDA7237FBFC900670F71 /* Release */ = {
			isa = XCBuildConfiguration;
			buildSettings = {
				ASSETCATALOG_COMPILER_APPICON_NAME = AppIcon;
				CODE_SIGN_STYLE = Automatic;
				DEVELOPMENT_ASSET_PATHS = "\"Bookworm/Preview Content\"";
				DEVELOPMENT_TEAM = 23GN8P9Q5M;
				ENABLE_PREVIEWS = YES;
				INFOPLIST_FILE = Bookworm/Info.plist;
				LD_RUNPATH_SEARCH_PATHS = (
					"$(inherited)",
					"@executable_path/Frameworks",
				);
				PRODUCT_BUNDLE_IDENTIFIER = com.pbb.study.Bookworm;
				PRODUCT_NAME = "$(TARGET_NAME)";
				SWIFT_VERSION = 5.0;
				TARGETED_DEVICE_FAMILY = "1,2";
			};
			name = Release;
		};
/* End XCBuildConfiguration section */

/* Begin XCConfigurationList section */
		2B63BD89237FBFC700670F71 /* Build configuration list for PBXProject "Bookworm" */ = {
			isa = XCConfigurationList;
			buildConfigurations = (
				2B63BDA3237FBFC900670F71 /* Debug */,
				2B63BDA4237FBFC900670F71 /* Release */,
			);
			defaultConfigurationIsVisible = 0;
			defaultConfigurationName = Release;
		};
		2B63BDA5237FBFC900670F71 /* Build configuration list for PBXNativeTarget "Bookworm" */ = {
			isa = XCConfigurationList;
			buildConfigurations = (
				2B63BDA6237FBFC900670F71 /* Debug */,
				2B63BDA7237FBFC900670F71 /* Release */,
			);
			defaultConfigurationIsVisible = 0;
			defaultConfigurationName = Release;
		};
/* End XCConfigurationList section */

/* Begin XCVersionGroup section */
		2B63BD95237FBFC700670F71 /* Bookworm.xcdatamodeld */ = {
			isa = XCVersionGroup;
			children = (
				2B63BD96237FBFC700670F71 /* Bookworm.xcdatamodel */,
			);
			currentVersion = 2B63BD96237FBFC700670F71 /* Bookworm.xcdatamodel */;
			path = Bookworm.xcdatamodeld;
			sourceTree = "<group>";
			versionGroupType = wrapper.xcdatamodel;
		};
/* End XCVersionGroup section */
	};
	rootObject = 2B63BD86237FBFC700670F71 /* Project object */;
}
